
Microsoft Visual Studio Solution File, Format Version 12.00
Project("{FAE04EC0-301F-11D3-BF4B-00C04F79EFBC}") = "CollectionSumMVVM", "CollectionSumMVVM\CollectionSumMVVM.csproj", "{741D786C-FDE7-4A1E-9241-D2E066AE8865}"
EndProject
Global
	GlobalSection(SolutionConfigurationPlatforms) = preSolution
		Debug|Any CPU = Debug|Any CPU
		Release|Any CPU = Release|Any CPU
	EndGlobalSection
	GlobalSection(ProjectConfigurationPlatforms) = postSolution
		{741D786C-FDE7-4A1E-9241-D2E066AE8865}.Debug|Any CPU.ActiveCfg = Debug|Any CPU
		{741D786C-FDE7-4A1E-9241-D2E066AE8865}.Debug|Any CPU.Build.0 = Debug|Any CPU
		{741D786C-FDE7-4A1E-9241-D2E066AE8865}.Release|Any CPU.ActiveCfg = Release|Any CPU
		{741D786C-FDE7-4A1E-9241-D2E066AE8865}.Release|Any CPU.Build.0 = Release|Any CPU
	EndGlobalSection
EndGlobal
